// !$*UTF8*$!
{
	archiveVersion = 1;
	classes = {
	};
	objectVersion = 50;
	objects = {

/* Begin PBXBuildFile section */
		D8D96EF823061DEF003EC7C6 /* AppDelegate.swift in Sources */ = {isa = PBXBuildFile; fileRef = D8D96EF723061DEF003EC7C6 /* AppDelegate.swift */; };
		D8D96EFA23061DEF003EC7C6 /* QuestionsCollectionViewController.swift in Sources */ = {isa = PBXBuildFile; fileRef = D8D96EF923061DEF003EC7C6 /* QuestionsCollectionViewController.swift */; };
		D8D96EFD23061DEF003EC7C6 /* Question.storyboard in Resources */ = {isa = PBXBuildFile; fileRef = D8D96EFB23061DEF003EC7C6 /* Question.storyboard */; };
		D8D96F0023061DEF003EC7C6 /* StackOverflow.xcdatamodeld in Sources */ = {isa = PBXBuildFile; fileRef = D8D96EFE23061DEF003EC7C6 /* StackOverflow.xcdatamodeld */; };
		D8D96F0223061DF0003EC7C6 /* Assets.xcassets in Resources */ = {isa = PBXBuildFile; fileRef = D8D96F0123061DF0003EC7C6 /* Assets.xcassets */; };
		D8D96F0523061DF0003EC7C6 /* LaunchScreen.storyboard in Resources */ = {isa = PBXBuildFile; fileRef = D8D96F0323061DF0003EC7C6 /* LaunchScreen.storyboard */; };
		D8D96F1023061DF1003EC7C6 /* StackOverflowTests.swift in Sources */ = {isa = PBXBuildFile; fileRef = D8D96F0F23061DF1003EC7C6 /* StackOverflowTests.swift */; };
		D8D96F1B23061DF1003EC7C6 /* StackOverflowUITests.swift in Sources */ = {isa = PBXBuildFile; fileRef = D8D96F1A23061DF1003EC7C6 /* StackOverflowUITests.swift */; };
		D8D96F2B23061F7C003EC7C6 /* QuestionCollectionViewCell.swift in Sources */ = {isa = PBXBuildFile; fileRef = D8D96F2A23061F7C003EC7C6 /* QuestionCollectionViewCell.swift */; };
		D8D96F2D23061FA7003EC7C6 /* QuestionCollectionViewCell.xib in Resources */ = {isa = PBXBuildFile; fileRef = D8D96F2C23061FA7003EC7C6 /* QuestionCollectionViewCell.xib */; };
		D8D96F2F230622E9003EC7C6 /* CollectionViewLayoutModel.swift in Sources */ = {isa = PBXBuildFile; fileRef = D8D96F2E230622E9003EC7C6 /* CollectionViewLayoutModel.swift */; };
/* End PBXBuildFile section */

/* Begin PBXContainerItemProxy section */
		D8D96F0C23061DF1003EC7C6 /* PBXContainerItemProxy */ = {
			isa = PBXContainerItemProxy;
			containerPortal = D8D96EEC23061DEF003EC7C6 /* Project object */;
			proxyType = 1;
			remoteGlobalIDString = D8D96EF323061DEF003EC7C6;
			remoteInfo = StackOverflow;
		};
		D8D96F1723061DF1003EC7C6 /* PBXContainerItemProxy */ = {
			isa = PBXContainerItemProxy;
			containerPortal = D8D96EEC23061DEF003EC7C6 /* Project object */;
			proxyType = 1;
			remoteGlobalIDString = D8D96EF323061DEF003EC7C6;
			remoteInfo = StackOverflow;
		};
/* End PBXContainerItemProxy section */

/* Begin PBXFileReference section */
		D8D96EF423061DEF003EC7C6 /* StackOverflow.app */ = {isa = PBXFileReference; explicitFileType = wrapper.application; includeInIndex = 0; path = StackOverflow.app; sourceTree = BUILT_PRODUCTS_DIR; };
		D8D96EF723061DEF003EC7C6 /* AppDelegate.swift */ = {isa = PBXFileReference; lastKnownFileType = sourcecode.swift; path = AppDelegate.swift; sourceTree = "<group>"; };
		D8D96EF923061DEF003EC7C6 /* QuestionsCollectionViewController.swift */ = {isa = PBXFileReference; lastKnownFileType = sourcecode.swift; path = QuestionsCollectionViewController.swift; sourceTree = "<group>"; };
		D8D96EFC23061DEF003EC7C6 /* Base */ = {isa = PBXFileReference; lastKnownFileType = file.storyboard; name = Base; path = Base.lproj/Question.storyboard; sourceTree = "<group>"; };
		D8D96EFF23061DEF003EC7C6 /* StackOverflow.xcdatamodel */ = {isa = PBXFileReference; lastKnownFileType = wrapper.xcdatamodel; path = StackOverflow.xcdatamodel; sourceTree = "<group>"; };
		D8D96F0123061DF0003EC7C6 /* Assets.xcassets */ = {isa = PBXFileReference; lastKnownFileType = folder.assetcatalog; path = Assets.xcassets; sourceTree = "<group>"; };
		D8D96F0423061DF0003EC7C6 /* Base */ = {isa = PBXFileReference; lastKnownFileType = file.storyboard; name = Base; path = Base.lproj/LaunchScreen.storyboard; sourceTree = "<group>"; };
		D8D96F0623061DF0003EC7C6 /* Info.plist */ = {isa = PBXFileReference; lastKnownFileType = text.plist.xml; path = Info.plist; sourceTree = "<group>"; };
		D8D96F0B23061DF1003EC7C6 /* StackOverflowTests.xctest */ = {isa = PBXFileReference; explicitFileType = wrapper.cfbundle; includeInIndex = 0; path = StackOverflowTests.xctest; sourceTree = BUILT_PRODUCTS_DIR; };
		D8D96F0F23061DF1003EC7C6 /* StackOverflowTests.swift */ = {isa = PBXFileReference; lastKnownFileType = sourcecode.swift; path = StackOverflowTests.swift; sourceTree = "<group>"; };
		D8D96F1123061DF1003EC7C6 /* Info.plist */ = {isa = PBXFileReference; lastKnownFileType = text.plist.xml; path = Info.plist; sourceTree = "<group>"; };
		D8D96F1623061DF1003EC7C6 /* StackOverflowUITests.xctest */ = {isa = PBXFileReference; explicitFileType = wrapper.cfbundle; includeInIndex = 0; path = StackOverflowUITests.xctest; sourceTree = BUILT_PRODUCTS_DIR; };
		D8D96F1A23061DF1003EC7C6 /* StackOverflowUITests.swift */ = {isa = PBXFileReference; lastKnownFileType = sourcecode.swift; path = StackOverflowUITests.swift; sourceTree = "<group>"; };
		D8D96F1C23061DF1003EC7C6 /* Info.plist */ = {isa = PBXFileReference; lastKnownFileType = text.plist.xml; path = Info.plist; sourceTree = "<group>"; };
		D8D96F2A23061F7C003EC7C6 /* QuestionCollectionViewCell.swift */ = {isa = PBXFileReference; lastKnownFileType = sourcecode.swift; path = QuestionCollectionViewCell.swift; sourceTree = "<group>"; };
		D8D96F2C23061FA7003EC7C6 /* QuestionCollectionViewCell.xib */ = {isa = PBXFileReference; lastKnownFileType = file.xib; path = QuestionCollectionViewCell.xib; sourceTree = "<group>"; };
		D8D96F2E230622E9003EC7C6 /* CollectionViewLayoutModel.swift */ = {isa = PBXFileReference; lastKnownFileType = sourcecode.swift; path = CollectionViewLayoutModel.swift; sourceTree = "<group>"; };
/* End PBXFileReference section */

/* Begin PBXFrameworksBuildPhase section */
		D8D96EF123061DEF003EC7C6 /* Frameworks */ = {
			isa = PBXFrameworksBuildPhase;
			buildActionMask = 2147483647;
			files = (
			);
			runOnlyForDeploymentPostprocessing = 0;
		};
		D8D96F0823061DF1003EC7C6 /* Frameworks */ = {
			isa = PBXFrameworksBuildPhase;
			buildActionMask = 2147483647;
			files = (
			);
			runOnlyForDeploymentPostprocessing = 0;
		};
		D8D96F1323061DF1003EC7C6 /* Frameworks */ = {
			isa = PBXFrameworksBuildPhase;
			buildActionMask = 2147483647;
			files = (
			);
			runOnlyForDeploymentPostprocessing = 0;
		};
/* End PBXFrameworksBuildPhase section */

/* Begin PBXGroup section */
		D8D96EEB23061DEF003EC7C6 = {
			isa = PBXGroup;
			children = (
				D8D96EF623061DEF003EC7C6 /* StackOverflow */,
				D8D96F0E23061DF1003EC7C6 /* StackOverflowTests */,
				D8D96F1923061DF1003EC7C6 /* StackOverflowUITests */,
				D8D96EF523061DEF003EC7C6 /* Products */,
			);
			sourceTree = "<group>";
		};
		D8D96EF523061DEF003EC7C6 /* Products */ = {
			isa = PBXGroup;
			children = (
				D8D96EF423061DEF003EC7C6 /* StackOverflow.app */,
				D8D96F0B23061DF1003EC7C6 /* StackOverflowTests.xctest */,
				D8D96F1623061DF1003EC7C6 /* StackOverflowUITests.xctest */,
			);
			name = Products;
			sourceTree = "<group>";
		};
		D8D96EF623061DEF003EC7C6 /* StackOverflow */ = {
			isa = PBXGroup;
			children = (
				D8D96F0623061DF0003EC7C6 /* Info.plist */,
				D8D96F2E230622E9003EC7C6 /* CollectionViewLayoutModel.swift */,
				D8D96F2923061F5B003EC7C6 /* Question */,
				D8D96F2823061EA4003EC7C6 /* System */,
			);
			path = StackOverflow;
			sourceTree = "<group>";
		};
		D8D96F0E23061DF1003EC7C6 /* StackOverflowTests */ = {
			isa = PBXGroup;
			children = (
				D8D96F0F23061DF1003EC7C6 /* StackOverflowTests.swift */,
				D8D96F1123061DF1003EC7C6 /* Info.plist */,
			);
			path = StackOverflowTests;
			sourceTree = "<group>";
		};
		D8D96F1923061DF1003EC7C6 /* StackOverflowUITests */ = {
			isa = PBXGroup;
			children = (
				D8D96F1A23061DF1003EC7C6 /* StackOverflowUITests.swift */,
				D8D96F1C23061DF1003EC7C6 /* Info.plist */,
			);
			path = StackOverflowUITests;
			sourceTree = "<group>";
		};
		D8D96F2823061EA4003EC7C6 /* System */ = {
			isa = PBXGroup;
			children = (
				D8D96EF723061DEF003EC7C6 /* AppDelegate.swift */,
				D8D96F0123061DF0003EC7C6 /* Assets.xcassets */,
				D8D96F0323061DF0003EC7C6 /* LaunchScreen.storyboard */,
				D8D96EFE23061DEF003EC7C6 /* StackOverflow.xcdatamodeld */,
			);
			path = System;
			sourceTree = "<group>";
		};
		D8D96F2923061F5B003EC7C6 /* Question */ = {
			isa = PBXGroup;
			children = (
				D8D96EF923061DEF003EC7C6 /* QuestionsCollectionViewController.swift */,
				D8D96F2A23061F7C003EC7C6 /* QuestionCollectionViewCell.swift */,
				D8D96F2C23061FA7003EC7C6 /* QuestionCollectionViewCell.xib */,
				D8D96EFB23061DEF003EC7C6 /* Question.storyboard */,
			);
			path = Question;
			sourceTree = "<group>";
		};
/* End PBXGroup section */

/* Begin PBXNativeTarget section */
		D8D96EF323061DEF003EC7C6 /* StackOverflow */ = {
			isa = PBXNativeTarget;
			buildConfigurationList = D8D96F1F23061DF1003EC7C6 /* Build configuration list for PBXNativeTarget "StackOverflow" */;
			buildPhases = (
				D8D96EF023061DEF003EC7C6 /* Sources */,
				D8D96EF123061DEF003EC7C6 /* Frameworks */,
				D8D96EF223061DEF003EC7C6 /* Resources */,
			);
			buildRules = (
			);
			dependencies = (
			);
			name = StackOverflow;
			productName = StackOverflow;
			productReference = D8D96EF423061DEF003EC7C6 /* StackOverflow.app */;
			productType = "com.apple.product-type.application";
		};
		D8D96F0A23061DF1003EC7C6 /* StackOverflowTests */ = {
			isa = PBXNativeTarget;
			buildConfigurationList = D8D96F2223061DF1003EC7C6 /* Build configuration list for PBXNativeTarget "StackOverflowTests" */;
			buildPhases = (
				D8D96F0723061DF1003EC7C6 /* Sources */,
				D8D96F0823061DF1003EC7C6 /* Frameworks */,
				D8D96F0923061DF1003EC7C6 /* Resources */,
			);
			buildRules = (
			);
			dependencies = (
				D8D96F0D23061DF1003EC7C6 /* PBXTargetDependency */,
			);
			name = StackOverflowTests;
			productName = StackOverflowTests;
			productReference = D8D96F0B23061DF1003EC7C6 /* StackOverflowTests.xctest */;
			productType = "com.apple.product-type.bundle.unit-test";
		};
		D8D96F1523061DF1003EC7C6 /* StackOverflowUITests */ = {
			isa = PBXNativeTarget;
			buildConfigurationList = D8D96F2523061DF1003EC7C6 /* Build configuration list for PBXNativeTarget "StackOverflowUITests" */;
			buildPhases = (
				D8D96F1223061DF1003EC7C6 /* Sources */,
				D8D96F1323061DF1003EC7C6 /* Frameworks */,
				D8D96F1423061DF1003EC7C6 /* Resources */,
			);
			buildRules = (
			);
			dependencies = (
				D8D96F1823061DF1003EC7C6 /* PBXTargetDependency */,
			);
			name = StackOverflowUITests;
			productName = StackOverflowUITests;
			productReference = D8D96F1623061DF1003EC7C6 /* StackOverflowUITests.xctest */;
			productType = "com.apple.product-type.bundle.ui-testing";
		};
/* End PBXNativeTarget section */

/* Begin PBXProject section */
		D8D96EEC23061DEF003EC7C6 /* Project object */ = {
			isa = PBXProject;
			attributes = {
				LastSwiftUpdateCheck = 1030;
				LastUpgradeCheck = 1030;
				ORGANIZATIONNAME = "Joe Edwards IV";
				TargetAttributes = {
					D8D96EF323061DEF003EC7C6 = {
						CreatedOnToolsVersion = 10.3;
					};
					D8D96F0A23061DF1003EC7C6 = {
						CreatedOnToolsVersion = 10.3;
						TestTargetID = D8D96EF323061DEF003EC7C6;
					};
					D8D96F1523061DF1003EC7C6 = {
						CreatedOnToolsVersion = 10.3;
						TestTargetID = D8D96EF323061DEF003EC7C6;
					};
				};
			};
			buildConfigurationList = D8D96EEF23061DEF003EC7C6 /* Build configuration list for PBXProject "StackOverflow" */;
			compatibilityVersion = "Xcode 9.3";
			developmentRegion = en;
			hasScannedForEncodings = 0;
			knownRegions = (
				en,
				Base,
			);
			mainGroup = D8D96EEB23061DEF003EC7C6;
			productRefGroup = D8D96EF523061DEF003EC7C6 /* Products */;
			projectDirPath = "";
			projectRoot = "";
			targets = (
				D8D96EF323061DEF003EC7C6 /* StackOverflow */,
				D8D96F0A23061DF1003EC7C6 /* StackOverflowTests */,
				D8D96F1523061DF1003EC7C6 /* StackOverflowUITests */,
			);
		};
/* End PBXProject section */

/* Begin PBXResourcesBuildPhase section */
		D8D96EF223061DEF003EC7C6 /* Resources */ = {
			isa = PBXResourcesBuildPhase;
			buildActionMask = 2147483647;
			files = (
				D8D96F0523061DF0003EC7C6 /* LaunchScreen.storyboard in Resources */,
				D8D96F0223061DF0003EC7C6 /* Assets.xcassets in Resources */,
				D8D96F2D23061FA7003EC7C6 /* QuestionCollectionViewCell.xib in Resources */,
				D8D96EFD23061DEF003EC7C6 /* Question.storyboard in Resources */,
			);
			runOnlyForDeploymentPostprocessing = 0;
		};
		D8D96F0923061DF1003EC7C6 /* Resources */ = {
			isa = PBXResourcesBuildPhase;
			buildActionMask = 2147483647;
			files = (
			);
			runOnlyForDeploymentPostprocessing = 0;
		};
		D8D96F1423061DF1003EC7C6 /* Resources */ = {
			isa = PBXResourcesBuildPhase;
			buildActionMask = 2147483647;
			files = (
			);
			runOnlyForDeploymentPostprocessing = 0;
		};
/* End PBXResourcesBuildPhase section */

/* Begin PBXSourcesBuildPhase section */
		D8D96EF023061DEF003EC7C6 /* Sources */ = {
			isa = PBXSourcesBuildPhase;
			buildActionMask = 2147483647;
			files = (
				D8D96F2F230622E9003EC7C6 /* CollectionViewLayoutModel.swift in Sources */,
				D8D96F2B23061F7C003EC7C6 /* QuestionCollectionViewCell.swift in Sources */,
				D8D96EFA23061DEF003EC7C6 /* QuestionsCollectionViewController.swift in Sources */,
				D8D96F0023061DEF003EC7C6 /* StackOverflow.xcdatamodeld in Sources */,
				D8D96EF823061DEF003EC7C6 /* AppDelegate.swift in Sources */,
			);
			runOnlyForDeploymentPostprocessing = 0;
		};
		D8D96F0723061DF1003EC7C6 /* Sources */ = {
			isa = PBXSourcesBuildPhase;
			buildActionMask = 2147483647;
			files = (
				D8D96F1023061DF1003EC7C6 /* StackOverflowTests.swift in Sources */,
			);
			runOnlyForDeploymentPostprocessing = 0;
		};
		D8D96F1223061DF1003EC7C6 /* Sources */ = {
			isa = PBXSourcesBuildPhase;
			buildActionMask = 2147483647;
			files = (
				D8D96F1B23061DF1003EC7C6 /* StackOverflowUITests.swift in Sources */,
			);
			runOnlyForDeploymentPostprocessing = 0;
		};
/* End PBXSourcesBuildPhase section */

/* Begin PBXTargetDependency section */
		D8D96F0D23061DF1003EC7C6 /* PBXTargetDependency */ = {
			isa = PBXTargetDependency;
			target = D8D96EF323061DEF003EC7C6 /* StackOverflow */;
			targetProxy = D8D96F0C23061DF1003EC7C6 /* PBXContainerItemProxy */;
		};
		D8D96F1823061DF1003EC7C6 /* PBXTargetDependency */ = {
			isa = PBXTargetDependency;
			target = D8D96EF323061DEF003EC7C6 /* StackOverflow */;
			targetProxy = D8D96F1723061DF1003EC7C6 /* PBXContainerItemProxy */;
		};
/* End PBXTargetDependency section */

/* Begin PBXVariantGroup section */
		D8D96EFB23061DEF003EC7C6 /* Question.storyboard */ = {
			isa = PBXVariantGroup;
			children = (
				D8D96EFC23061DEF003EC7C6 /* Base */,
			);
			name = Question.storyboard;
			sourceTree = "<group>";
		};
		D8D96F0323061DF0003EC7C6 /* LaunchScreen.storyboard */ = {
			isa = PBXVariantGroup;
			children = (
				D8D96F0423061DF0003EC7C6 /* Base */,
			);
			name = LaunchScreen.storyboard;
			sourceTree = "<group>";
		};
/* End PBXVariantGroup section */

/* Begin XCBuildConfiguration section */
		D8D96F1D23061DF1003EC7C6 /* Debug */ = {
			isa = XCBuildConfiguration;
			buildSettings = {
				ALWAYS_SEARCH_USER_PATHS = NO;
				CLANG_ANALYZER_NONNULL = YES;
				CLANG_ANALYZER_NUMBER_OBJECT_CONVERSION = YES_AGGRESSIVE;
				CLANG_CXX_LANGUAGE_STANDARD = "gnu++14";
				CLANG_CXX_LIBRARY = "libc++";
				CLANG_ENABLE_MODULES = YES;
				CLANG_ENABLE_OBJC_ARC = YES;
				CLANG_ENABLE_OBJC_WEAK = YES;
				CLANG_WARN_BLOCK_CAPTURE_AUTORELEASING = YES;
				CLANG_WARN_BOOL_CONVERSION = YES;
				CLANG_WARN_COMMA = YES;
				CLANG_WARN_CONSTANT_CONVERSION = YES;
				CLANG_WARN_DEPRECATED_OBJC_IMPLEMENTATIONS = YES;
				CLANG_WARN_DIRECT_OBJC_ISA_USAGE = YES_ERROR;
				CLANG_WARN_DOCUMENTATION_COMMENTS = YES;
				CLANG_WARN_EMPTY_BODY = YES;
				CLANG_WARN_ENUM_CONVERSION = YES;
				CLANG_WARN_INFINITE_RECURSION = YES;
				CLANG_WARN_INT_CONVERSION = YES;
				CLANG_WARN_NON_LITERAL_NULL_CONVERSION = YES;
				CLANG_WARN_OBJC_IMPLICIT_RETAIN_SELF = YES;
				CLANG_WARN_OBJC_LITERAL_CONVERSION = YES;
				CLANG_WARN_OBJC_ROOT_CLASS = YES_ERROR;
				CLANG_WARN_RANGE_LOOP_ANALYSIS = YES;
				CLANG_WARN_STRICT_PROTOTYPES = YES;
				CLANG_WARN_SUSPICIOUS_MOVE = YES;
				CLANG_WARN_UNGUARDED_AVAILABILITY = YES_AGGRESSIVE;
				CLANG_WARN_UNREACHABLE_CODE = YES;
				CLANG_WARN__DUPLICATE_METHOD_MATCH = YES;
				CODE_SIGN_IDENTITY = "iPhone Developer";
				COPY_PHASE_STRIP = NO;
				DEBUG_INFORMATION_FORMAT = dwarf;
				ENABLE_STRICT_OBJC_MSGSEND = YES;
				ENABLE_TESTABILITY = YES;
				GCC_C_LANGUAGE_STANDARD = gnu11;
				GCC_DYNAMIC_NO_PIC = NO;
				GCC_NO_COMMON_BLOCKS = YES;
				GCC_OPTIMIZATION_LEVEL = 0;
				GCC_PREPROCESSOR_DEFINITIONS = (
					"DEBUG=1",
					"$(inherited)",
				);
				GCC_WARN_64_TO_32_BIT_CONVERSION = YES;
				GCC_WARN_ABOUT_RETURN_TYPE = YES_ERROR;
				GCC_WARN_UNDECLARED_SELECTOR = YES;
				GCC_WARN_UNINITIALIZED_AUTOS = YES_AGGRESSIVE;
				GCC_WARN_UNUSED_FUNCTION = YES;
				GCC_WARN_UNUSED_VARIABLE = YES;
				IPHONEOS_DEPLOYMENT_TARGET = 12.4;
				MTL_ENABLE_DEBUG_INFO = INCLUDE_SOURCE;
				MTL_FAST_MATH = YES;
				ONLY_ACTIVE_ARCH = YES;
				SDKROOT = iphoneos;
				SWIFT_ACTIVE_COMPILATION_CONDITIONS = DEBUG;
				SWIFT_OPTIMIZATION_LEVEL = "-Onone";
			};
			name = Debug;
		};
		D8D96F1E23061DF1003EC7C6 /* Release */ = {
			isa = XCBuildConfiguration;
			buildSettings = {
				ALWAYS_SEARCH_USER_PATHS = NO;
				CLANG_ANALYZER_NONNULL = YES;
				CLANG_ANALYZER_NUMBER_OBJECT_CONVERSION = YES_AGGRESSIVE;
				CLANG_CXX_LANGUAGE_STANDARD = "gnu++14";
				CLANG_CXX_LIBRARY = "libc++";
				CLANG_ENABLE_MODULES = YES;
				CLANG_ENABLE_OBJC_ARC = YES;
				CLANG_ENABLE_OBJC_WEAK = YES;
				CLANG_WARN_BLOCK_CAPTURE_AUTORELEASING = YES;
				CLANG_WARN_BOOL_CONVERSION = YES;
				CLANG_WARN_COMMA = YES;
				CLANG_WARN_CONSTANT_CONVERSION = YES;
				CLANG_WARN_DEPRECATED_OBJC_IMPLEMENTATIONS = YES;
				CLANG_WARN_DIRECT_OBJC_ISA_USAGE = YES_ERROR;
				CLANG_WARN_DOCUMENTATION_COMMENTS = YES;
				CLANG_WARN_EMPTY_BODY = YES;
				CLANG_WARN_ENUM_CONVERSION = YES;
				CLANG_WARN_INFINITE_RECURSION = YES;
				CLANG_WARN_INT_CONVERSION = YES;
				CLANG_WARN_NON_LITERAL_NULL_CONVERSION = YES;
				CLANG_WARN_OBJC_IMPLICIT_RETAIN_SELF = YES;
				CLANG_WARN_OBJC_LITERAL_CONVERSION = YES;
				CLANG_WARN_OBJC_ROOT_CLASS = YES_ERROR;
				CLANG_WARN_RANGE_LOOP_ANALYSIS = YES;
				CLANG_WARN_STRICT_PROTOTYPES = YES;
				CLANG_WARN_SUSPICIOUS_MOVE = YES;
				CLANG_WARN_UNGUARDED_AVAILABILITY = YES_AGGRESSIVE;
				CLANG_WARN_UNREACHABLE_CODE = YES;
				CLANG_WARN__DUPLICATE_METHOD_MATCH = YES;
				CODE_SIGN_IDENTITY = "iPhone Developer";
				COPY_PHASE_STRIP = NO;
				DEBUG_INFORMATION_FORMAT = "dwarf-with-dsym";
				ENABLE_NS_ASSERTIONS = NO;
				ENABLE_STRICT_OBJC_MSGSEND = YES;
				GCC_C_LANGUAGE_STANDARD = gnu11;
				GCC_NO_COMMON_BLOCKS = YES;
				GCC_WARN_64_TO_32_BIT_CONVERSION = YES;
				GCC_WARN_ABOUT_RETURN_TYPE = YES_ERROR;
				GCC_WARN_UNDECLARED_SELECTOR = YES;
				GCC_WARN_UNINITIALIZED_AUTOS = YES_AGGRESSIVE;
				GCC_WARN_UNUSED_FUNCTION = YES;
				GCC_WARN_UNUSED_VARIABLE = YES;
				IPHONEOS_DEPLOYMENT_TARGET = 12.4;
				MTL_ENABLE_DEBUG_INFO = NO;
				MTL_FAST_MATH = YES;
				SDKROOT = iphoneos;
				SWIFT_COMPILATION_MODE = wholemodule;
				SWIFT_OPTIMIZATION_LEVEL = "-O";
				VALIDATE_PRODUCT = YES;
			};
			name = Release;
		};
		D8D96F2023061DF1003EC7C6 /* Debug */ = {
			isa = XCBuildConfiguration;
			buildSettings = {
				ASSETCATALOG_COMPILER_APPICON_NAME = AppIcon;
				CODE_SIGN_STYLE = Automatic;
				DEVELOPMENT_TEAM = Y399PUAD28;
				INFOPLIST_FILE = StackOverflow/Info.plist;
				LD_RUNPATH_SEARCH_PATHS = (
					"$(inherited)",
					"@executable_path/Frameworks",
				);
				PRODUCT_BUNDLE_IDENTIFIER = com.blipp.StackOverflow;
				PRODUCT_NAME = "$(TARGET_NAME)";
				SWIFT_VERSION = 5.0;
				TARGETED_DEVICE_FAMILY = "1,2";
			};
			name = Debug;
		};
		D8D96F2123061DF1003EC7C6 /* Release */ = {
			isa = XCBuildConfiguration;
			buildSettings = {
				ASSETCATALOG_COMPILER_APPICON_NAME = AppIcon;
				CODE_SIGN_STYLE = Automatic;
				DEVELOPMENT_TEAM = Y399PUAD28;
				INFOPLIST_FILE = StackOverflow/Info.plist;
				LD_RUNPATH_SEARCH_PATHS = (
					"$(inherited)",
					"@executable_path/Frameworks",
				);
				PRODUCT_BUNDLE_IDENTIFIER = com.blipp.StackOverflow;
				PRODUCT_NAME = "$(TARGET_NAME)";
				SWIFT_VERSION = 5.0;
				TARGETED_DEVICE_FAMILY = "1,2";
			};
			name = Release;
		};
		D8D96F2323061DF1003EC7C6 /* Debug */ = {
			isa = XCBuildConfiguration;
			buildSettings = {
				ALWAYS_EMBED_SWIFT_STANDARD_LIBRARIES = YES;
				BUNDLE_LOADER = "$(TEST_HOST)";
				CODE_SIGN_STYLE = Automatic;
				DEVELOPMENT_TEAM = Y399PUAD28;
				INFOPLIST_FILE = StackOverflowTests/Info.plist;
				LD_RUNPATH_SEARCH_PATHS = (
					"$(inherited)",
					"@executable_path/Frameworks",
					"@loader_path/Frameworks",
				);
				PRODUCT_BUNDLE_IDENTIFIER = com.blipp.StackOverflowTests;
				PRODUCT_NAME = "$(TARGET_NAME)";
				SWIFT_VERSION = 5.0;
				TARGETED_DEVICE_FAMILY = "1,2";
				TEST_HOST = "$(BUILT_PRODUCTS_DIR)/StackOverflow.app/StackOverflow";
			};
			name = Debug;
		};
		D8D96F2423061DF1003EC7C6 /* Release */ = {
			isa = XCBuildConfiguration;
			buildSettings = {
				ALWAYS_EMBED_SWIFT_STANDARD_LIBRARIES = YES;
				BUNDLE_LOADER = "$(TEST_HOST)";
				CODE_SIGN_STYLE = Automatic;
				DEVELOPMENT_TEAM = Y399PUAD28;
				INFOPLIST_FILE = StackOverflowTests/Info.plist;
				LD_RUNPATH_SEARCH_PATHS = (
					"$(inherited)",
					"@executable_path/Frameworks",
					"@loader_path/Frameworks",
				);
				PRODUCT_BUNDLE_IDENTIFIER = com.blipp.StackOverflowTests;
				PRODUCT_NAME = "$(TARGET_NAME)";
				SWIFT_VERSION = 5.0;
				TARGETED_DEVICE_FAMILY = "1,2";
				TEST_HOST = "$(BUILT_PRODUCTS_DIR)/StackOverflow.app/StackOverflow";
			};
			name = Release;
		};
		D8D96F2623061DF1003EC7C6 /* Debug */ = {
			isa = XCBuildConfiguration;
			buildSettings = {
				ALWAYS_EMBED_SWIFT_STANDARD_LIBRARIES = YES;
				CODE_SIGN_STYLE = Automatic;
				DEVELOPMENT_TEAM = Y399PUAD28;
				INFOPLIST_FILE = StackOverflowUITests/Info.plist;
				LD_RUNPATH_SEARCH_PATHS = (
					"$(inherited)",
					"@executable_path/Frameworks",
					"@loader_path/Frameworks",
				);
				PRODUCT_BUNDLE_IDENTIFIER = com.blipp.StackOverflowUITests;
				PRODUCT_NAME = "$(TARGET_NAME)";
				SWIFT_VERSION = 5.0;
				TARGETED_DEVICE_FAMILY = "1,2";
				TEST_TARGET_NAME = StackOverflow;
			};
			name = Debug;
		};
		D8D96F2723061DF1003EC7C6 /* Release */ = {
			isa = XCBuildConfiguration;
			buildSettings = {
				ALWAYS_EMBED_SWIFT_STANDARD_LIBRARIES = YES;
				CODE_SIGN_STYLE = Automatic;
				DEVELOPMENT_TEAM = Y399PUAD28;
				INFOPLIST_FILE = StackOverflowUITests/Info.plist;
				LD_RUNPATH_SEARCH_PATHS = (
					"$(inherited)",
					"@executable_path/Frameworks",
					"@loader_path/Frameworks",
				);
				PRODUCT_BUNDLE_IDENTIFIER = com.blipp.StackOverflowUITests;
				PRODUCT_NAME = "$(TARGET_NAME)";
				SWIFT_VERSION = 5.0;
				TARGETED_DEVICE_FAMILY = "1,2";
				TEST_TARGET_NAME = StackOverflow;
			};
			name = Release;
		};
/* End XCBuildConfiguration section */

/* Begin XCConfigurationList section */
		D8D96EEF23061DEF003EC7C6 /* Build configuration list for PBXProject "StackOverflow" */ = {
			isa = XCConfigurationList;
			buildConfigurations = (
				D8D96F1D23061DF1003EC7C6 /* Debug */,
				D8D96F1E23061DF1003EC7C6 /* Release */,
			);
			defaultConfigurationIsVisible = 0;
			defaultConfigurationName = Release;
		};
		D8D96F1F23061DF1003EC7C6 /* Build configuration list for PBXNativeTarget "StackOverflow" */ = {
			isa = XCConfigurationList;
			buildConfigurations = (
				D8D96F2023061DF1003EC7C6 /* Debug */,
				D8D96F2123061DF1003EC7C6 /* Release */,
			);
			defaultConfigurationIsVisible = 0;
			defaultConfigurationName = Release;
		};
		D8D96F2223061DF1003EC7C6 /* Build configuration list for PBXNativeTarget "StackOverflowTests" */ = {
			isa = XCConfigurationList;
			buildConfigurations = (
				D8D96F2323061DF1003EC7C6 /* Debug */,
				D8D96F2423061DF1003EC7C6 /* Release */,
			);
			defaultConfigurationIsVisible = 0;
			defaultConfigurationName = Release;
		};
		D8D96F2523061DF1003EC7C6 /* Build configuration list for PBXNativeTarget "StackOverflowUITests" */ = {
			isa = XCConfigurationList;
			buildConfigurations = (
				D8D96F2623061DF1003EC7C6 /* Debug */,
				D8D96F2723061DF1003EC7C6 /* Release */,
			);
			defaultConfigurationIsVisible = 0;
			defaultConfigurationName = Release;
		};
/* End XCConfigurationList section */

/* Begin XCVersionGroup section */
		D8D96EFE23061DEF003EC7C6 /* StackOverflow.xcdatamodeld */ = {
			isa = XCVersionGroup;
			children = (
				D8D96EFF23061DEF003EC7C6 /* StackOverflow.xcdatamodel */,
			);
			currentVersion = D8D96EFF23061DEF003EC7C6 /* StackOverflow.xcdatamodel */;
			path = StackOverflow.xcdatamodeld;
			sourceTree = "<group>";
			versionGroupType = wrapper.xcdatamodel;
		};
/* End XCVersionGroup section */
	};
	rootObject = D8D96EEC23061DEF003EC7C6 /* Project object */;
}
